
Microsoft Visual Studio Solution File, Format Version 12.00
# Visual Studio Version 16
VisualStudioVersion = 16.0.29326.143
MinimumVisualStudioVersion = 10.0.40219.1
Project("{FAE04EC0-301F-11D3-BF4B-00C04F79EFBC}") = "WendyEspinales2A", "WendyEspinales2A\WendyEspinales2A.csproj", "{5254F377-A653-4083-9276-09965F1DF6F4}"
EndProject
Global
	GlobalSection(SolutionConfigurationPlatforms) = preSolution
		Debug|Any CPU = Debug|Any CPU
		Release|Any CPU = Release|Any CPU
	EndGlobalSection
	GlobalSection(ProjectConfigurationPlatforms) = postSolution
		{5254F377-A653-4083-9276-09965F1DF6F4}.Debug|Any CPU.ActiveCfg = Debug|Any CPU
		{5254F377-A653-4083-9276-09965F1DF6F4}.Debug|Any CPU.Build.0 = Debug|Any CPU
		{5254F377-A653-4083-9276-09965F1DF6F4}.Release|Any CPU.ActiveCfg = Release|Any CPU
		{5254F377-A653-4083-9276-09965F1DF6F4}.Release|Any CPU.Build.0 = Release|Any CPU
	EndGlobalSection
	GlobalSection(SolutionProperties) = preSolution
		HideSolutionNode = FALSE
	EndGlobalSection
	GlobalSection(ExtensibilityGlobals) = postSolution
		SolutionGuid = {AF14221A-3DFE-4D06-BC79-0BBA54651FEB}
	EndGlobalSection
EndGlobal
